// !$*UTF8*$!
{
	archiveVersion = 1;
	classes = {
	};
	objectVersion = 55;
	objects = {

/* Begin PBXBuildFile section */
		48EE22522898DCDB0000C958 /* AppDelegate.swift in Sources */ = {isa = PBXBuildFile; fileRef = 48EE22512898DCDB0000C958 /* AppDelegate.swift */; };
		48EE22542898DCDB0000C958 /* SceneDelegate.swift in Sources */ = {isa = PBXBuildFile; fileRef = 48EE22532898DCDB0000C958 /* SceneDelegate.swift */; };
		48EE22562898DCDB0000C958 /* ViewController.swift in Sources */ = {isa = PBXBuildFile; fileRef = 48EE22552898DCDB0000C958 /* ViewController.swift */; };
		48EE22592898DCDB0000C958 /* Main.storyboard in Resources */ = {isa = PBXBuildFile; fileRef = 48EE22572898DCDB0000C958 /* Main.storyboard */; };
		48EE225B2898DCDF0000C958 /* Assets.xcassets in Resources */ = {isa = PBXBuildFile; fileRef = 48EE225A2898DCDF0000C958 /* Assets.xcassets */; };
		48EE225E2898DCDF0000C958 /* LaunchScreen.storyboard in Resources */ = {isa = PBXBuildFile; fileRef = 48EE225C2898DCDF0000C958 /* LaunchScreen.storyboard */; };
		48EE22672898DF1D0000C958 /* SuperPlayer in Frameworks */ = {isa = PBXBuildFile; productRef = 48EE22662898DF1D0000C958 /* SuperPlayer */; };
		48EE226F2898FFA70000C958 /* SnapKit in Frameworks */ = {isa = PBXBuildFile; productRef = 48EE226E2898FFA70000C958 /* SnapKit */; };
/* End PBXBuildFile section */

/* Begin PBXFileReference section */
		48EE224E2898DCDB0000C958 /* SuperProfiling.app */ = {isa = PBXFileReference; explicitFileType = wrapper.application; includeInIndex = 0; path = SuperProfiling.app; sourceTree = BUILT_PRODUCTS_DIR; };
		48EE22512898DCDB0000C958 /* AppDelegate.swift */ = {isa = PBXFileReference; lastKnownFileType = sourcecode.swift; path = AppDelegate.swift; sourceTree = "<group>"; };
		48EE22532898DCDB0000C958 /* SceneDelegate.swift */ = {isa = PBXFileReference; lastKnownFileType = sourcecode.swift; path = SceneDelegate.swift; sourceTree = "<group>"; };
		48EE22552898DCDB0000C958 /* ViewController.swift */ = {isa = PBXFileReference; lastKnownFileType = sourcecode.swift; path = ViewController.swift; sourceTree = "<group>"; };
		48EE22582898DCDB0000C958 /* Base */ = {isa = PBXFileReference; lastKnownFileType = file.storyboard; name = Base; path = Base.lproj/Main.storyboard; sourceTree = "<group>"; };
		48EE225A2898DCDF0000C958 /* Assets.xcassets */ = {isa = PBXFileReference; lastKnownFileType = folder.assetcatalog; path = Assets.xcassets; sourceTree = "<group>"; };
		48EE225D2898DCDF0000C958 /* Base */ = {isa = PBXFileReference; lastKnownFileType = file.storyboard; name = Base; path = Base.lproj/LaunchScreen.storyboard; sourceTree = "<group>"; };
		48EE225F2898DCDF0000C958 /* Info.plist */ = {isa = PBXFileReference; lastKnownFileType = text.plist.xml; path = Info.plist; sourceTree = "<group>"; };
/* End PBXFileReference section */

/* Begin PBXFrameworksBuildPhase section */
		48EE224B2898DCDB0000C958 /* Frameworks */ = {
			isa = PBXFrameworksBuildPhase;
			buildActionMask = 2147483647;
			files = (
				48EE22672898DF1D0000C958 /* SuperPlayer in Frameworks */,
				48EE226F2898FFA70000C958 /* SnapKit in Frameworks */,
			);
			runOnlyForDeploymentPostprocessing = 0;
		};
/* End PBXFrameworksBuildPhase section */

/* Begin PBXGroup section */
		48EE22452898DCDB0000C958 = {
			isa = PBXGroup;
			children = (
				48EE22502898DCDB0000C958 /* SuperProfiling */,
				48EE224F2898DCDB0000C958 /* Products */,
			);
			sourceTree = "<group>";
		};
		48EE224F2898DCDB0000C958 /* Products */ = {
			isa = PBXGroup;
			children = (
				48EE224E2898DCDB0000C958 /* SuperProfiling.app */,
			);
			name = Products;
			sourceTree = "<group>";
		};
		48EE22502898DCDB0000C958 /* SuperProfiling */ = {
			isa = PBXGroup;
			children = (
				48EE22512898DCDB0000C958 /* AppDelegate.swift */,
				48EE22532898DCDB0000C958 /* SceneDelegate.swift */,
				48EE22552898DCDB0000C958 /* ViewController.swift */,
				48EE22572898DCDB0000C958 /* Main.storyboard */,
				48EE225A2898DCDF0000C958 /* Assets.xcassets */,
				48EE225C2898DCDF0000C958 /* LaunchScreen.storyboard */,
				48EE225F2898DCDF0000C958 /* Info.plist */,
			);
			path = SuperProfiling;
			sourceTree = "<group>";
		};
/* End PBXGroup section */

/* Begin PBXNativeTarget section */
		48EE224D2898DCDB0000C958 /* SuperProfiling */ = {
			isa = PBXNativeTarget;
			buildConfigurationList = 48EE22622898DCDF0000C958 /* Build configuration list for PBXNativeTarget "SuperProfiling" */;
			buildPhases = (
				48EE224A2898DCDB0000C958 /* Sources */,
				48EE224B2898DCDB0000C958 /* Frameworks */,
				48EE224C2898DCDB0000C958 /* Resources */,
			);
			buildRules = (
			);
			dependencies = (
			);
			name = SuperProfiling;
			packageProductDependencies = (
				48EE22662898DF1D0000C958 /* SuperPlayer */,
				48EE226E2898FFA70000C958 /* SnapKit */,
			);
			productName = SuperProfiling;
			productReference = 48EE224E2898DCDB0000C958 /* SuperProfiling.app */;
			productType = "com.apple.product-type.application";
		};
/* End PBXNativeTarget section */

/* Begin PBXProject section */
		48EE22462898DCDB0000C958 /* Project object */ = {
			isa = PBXProject;
			attributes = {
				BuildIndependentTargetsInParallel = 1;
				LastSwiftUpdateCheck = 1340;
				LastUpgradeCheck = 1340;
				TargetAttributes = {
					48EE224D2898DCDB0000C958 = {
						CreatedOnToolsVersion = 13.4.1;
					};
				};
			};
			buildConfigurationList = 48EE22492898DCDB0000C958 /* Build configuration list for PBXProject "SuperProfiling" */;
			compatibilityVersion = "Xcode 13.0";
			developmentRegion = en;
			hasScannedForEncodings = 0;
			knownRegions = (
				en,
				Base,
			);
			mainGroup = 48EE22452898DCDB0000C958;
			packageReferences = (
				48EE22652898DF1D0000C958 /* XCRemoteSwiftPackageReference "ios-superplayer" */,
				48EE226D2898FFA70000C958 /* XCRemoteSwiftPackageReference "SnapKit" */,
			);
			productRefGroup = 48EE224F2898DCDB0000C958 /* Products */;
			projectDirPath = "";
			projectRoot = "";
			targets = (
				48EE224D2898DCDB0000C958 /* SuperProfiling */,
			);
		};
/* End PBXProject section */

/* Begin PBXResourcesBuildPhase section */
		48EE224C2898DCDB0000C958 /* Resources */ = {
			isa = PBXResourcesBuildPhase;
			buildActionMask = 2147483647;
			files = (
				48EE225E2898DCDF0000C958 /* LaunchScreen.storyboard in Resources */,
				48EE225B2898DCDF0000C958 /* Assets.xcassets in Resources */,
				48EE22592898DCDB0000C958 /* Main.storyboard in Resources */,
			);
			runOnlyForDeploymentPostprocessing = 0;
		};
/* End PBXResourcesBuildPhase section */

/* Begin PBXSourcesBuildPhase section */
		48EE224A2898DCDB0000C958 /* Sources */ = {
			isa = PBXSourcesBuildPhase;
			buildActionMask = 2147483647;
			files = (
				48EE22562898DCDB0000C958 /* ViewController.swift in Sources */,
				48EE22522898DCDB0000C958 /* AppDelegate.swift in Sources */,
				48EE22542898DCDB0000C958 /* SceneDelegate.swift in Sources */,
			);
			runOnlyForDeploymentPostprocessing = 0;
		};
/* End PBXSourcesBuildPhase section */

/* Begin PBXVariantGroup section */
		48EE22572898DCDB0000C958 /* Main.storyboard */ = {
			isa = PBXVariantGroup;
			children = (
				48EE22582898DCDB0000C958 /* Base */,
			);
			name = Main.storyboard;
			sourceTree = "<group>";
		};
		48EE225C2898DCDF0000C958 /* LaunchScreen.storyboard */ = {
			isa = PBXVariantGroup;
			children = (
				48EE225D2898DCDF0000C958 /* Base */,
			);
			name = LaunchScreen.storyboard;
			sourceTree = "<group>";
		};
/* End PBXVariantGroup section */

/* Begin XCBuildConfiguration section */
		48EE22602898DCDF0000C958 /* Debug */ = {
			isa = XCBuildConfiguration;
			buildSettings = {
				ALWAYS_SEARCH_USER_PATHS = NO;
				CLANG_ANALYZER_NONNULL = YES;
				CLANG_ANALYZER_NUMBER_OBJECT_CONVERSION = YES_AGGRESSIVE;
				CLANG_CXX_LANGUAGE_STANDARD = "gnu++17";
				CLANG_ENABLE_MODULES = YES;
				CLANG_ENABLE_OBJC_ARC = YES;
				CLANG_ENABLE_OBJC_WEAK = YES;
				CLANG_WARN_BLOCK_CAPTURE_AUTORELEASING = YES;
				CLANG_WARN_BOOL_CONVERSION = YES;
				CLANG_WARN_COMMA = YES;
				CLANG_WARN_CONSTANT_CONVERSION = YES;
				CLANG_WARN_DEPRECATED_OBJC_IMPLEMENTATIONS = YES;
				CLANG_WARN_DIRECT_OBJC_ISA_USAGE = YES_ERROR;
				CLANG_WARN_DOCUMENTATION_COMMENTS = YES;
				CLANG_WARN_EMPTY_BODY = YES;
				CLANG_WARN_ENUM_CONVERSION = YES;
				CLANG_WARN_INFINITE_RECURSION = YES;
				CLANG_WARN_INT_CONVERSION = YES;
				CLANG_WARN_NON_LITERAL_NULL_CONVERSION = YES;
				CLANG_WARN_OBJC_IMPLICIT_RETAIN_SELF = YES;
				CLANG_WARN_OBJC_LITERAL_CONVERSION = YES;
				CLANG_WARN_OBJC_ROOT_CLASS = YES_ERROR;
				CLANG_WARN_QUOTED_INCLUDE_IN_FRAMEWORK_HEADER = YES;
				CLANG_WARN_RANGE_LOOP_ANALYSIS = YES;
				CLANG_WARN_STRICT_PROTOTYPES = YES;
				CLANG_WARN_SUSPICIOUS_MOVE = YES;
				CLANG_WARN_UNGUARDED_AVAILABILITY = YES_AGGRESSIVE;
				CLANG_WARN_UNREACHABLE_CODE = YES;
				CLANG_WARN__DUPLICATE_METHOD_MATCH = YES;
				COPY_PHASE_STRIP = NO;
				DEBUG_INFORMATION_FORMAT = dwarf;
				ENABLE_STRICT_OBJC_MSGSEND = YES;
				ENABLE_TESTABILITY = YES;
				GCC_C_LANGUAGE_STANDARD = gnu11;
				GCC_DYNAMIC_NO_PIC = NO;
				GCC_NO_COMMON_BLOCKS = YES;
				GCC_OPTIMIZATION_LEVEL = 0;
				GCC_PREPROCESSOR_DEFINITIONS = (
					"DEBUG=1",
					"$(inherited)",
				);
				GCC_WARN_64_TO_32_BIT_CONVERSION = YES;
				GCC_WARN_ABOUT_RETURN_TYPE = YES_ERROR;
				GCC_WARN_UNDECLARED_SELECTOR = YES;
				GCC_WARN_UNINITIALIZED_AUTOS = YES_AGGRESSIVE;
				GCC_WARN_UNUSED_FUNCTION = YES;
				GCC_WARN_UNUSED_VARIABLE = YES;
				IPHONEOS_DEPLOYMENT_TARGET = 15.5;
				MTL_ENABLE_DEBUG_INFO = INCLUDE_SOURCE;
				MTL_FAST_MATH = YES;
				ONLY_ACTIVE_ARCH = YES;
				SDKROOT = iphoneos;
				SWIFT_ACTIVE_COMPILATION_CONDITIONS = DEBUG;
				SWIFT_OPTIMIZATION_LEVEL = "-Onone";
			};
			name = Debug;
		};
		48EE22612898DCDF0000C958 /* Release */ = {
			isa = XCBuildConfiguration;
			buildSettings = {
				ALWAYS_SEARCH_USER_PATHS = NO;
				CLANG_ANALYZER_NONNULL = YES;
				CLANG_ANALYZER_NUMBER_OBJECT_CONVERSION = YES_AGGRESSIVE;
				CLANG_CXX_LANGUAGE_STANDARD = "gnu++17";
				CLANG_ENABLE_MODULES = YES;
				CLANG_ENABLE_OBJC_ARC = YES;
				CLANG_ENABLE_OBJC_WEAK = YES;
				CLANG_WARN_BLOCK_CAPTURE_AUTORELEASING = YES;
				CLANG_WARN_BOOL_CONVERSION = YES;
				CLANG_WARN_COMMA = YES;
				CLANG_WARN_CONSTANT_CONVERSION = YES;
				CLANG_WARN_DEPRECATED_OBJC_IMPLEMENTATIONS = YES;
				CLANG_WARN_DIRECT_OBJC_ISA_USAGE = YES_ERROR;
				CLANG_WARN_DOCUMENTATION_COMMENTS = YES;
				CLANG_WARN_EMPTY_BODY = YES;
				CLANG_WARN_ENUM_CONVERSION = YES;
				CLANG_WARN_INFINITE_RECURSION = YES;
				CLANG_WARN_INT_CONVERSION = YES;
				CLANG_WARN_NON_LITERAL_NULL_CONVERSION = YES;
				CLANG_WARN_OBJC_IMPLICIT_RETAIN_SELF = YES;
				CLANG_WARN_OBJC_LITERAL_CONVERSION = YES;
				CLANG_WARN_OBJC_ROOT_CLASS = YES_ERROR;
				CLANG_WARN_QUOTED_INCLUDE_IN_FRAMEWORK_HEADER = YES;
				CLANG_WARN_RANGE_LOOP_ANALYSIS = YES;
				CLANG_WARN_STRICT_PROTOTYPES = YES;
				CLANG_WARN_SUSPICIOUS_MOVE = YES;
				CLANG_WARN_UNGUARDED_AVAILABILITY = YES_AGGRESSIVE;
				CLANG_WARN_UNREACHABLE_CODE = YES;
				CLANG_WARN__DUPLICATE_METHOD_MATCH = YES;
				COPY_PHASE_STRIP = NO;
				DEBUG_INFORMATION_FORMAT = "dwarf-with-dsym";
				ENABLE_NS_ASSERTIONS = NO;
				ENABLE_STRICT_OBJC_MSGSEND = YES;
				GCC_C_LANGUAGE_STANDARD = gnu11;
				GCC_NO_COMMON_BLOCKS = YES;
				GCC_WARN_64_TO_32_BIT_CONVERSION = YES;
				GCC_WARN_ABOUT_RETURN_TYPE = YES_ERROR;
				GCC_WARN_UNDECLARED_SELECTOR = YES;
				GCC_WARN_UNINITIALIZED_AUTOS = YES_AGGRESSIVE;
				GCC_WARN_UNUSED_FUNCTION = YES;
				GCC_WARN_UNUSED_VARIABLE = YES;
				IPHONEOS_DEPLOYMENT_TARGET = 15.5;
				MTL_ENABLE_DEBUG_INFO = NO;
				MTL_FAST_MATH = YES;
				SDKROOT = iphoneos;
				SWIFT_COMPILATION_MODE = wholemodule;
				SWIFT_OPTIMIZATION_LEVEL = "-O";
				VALIDATE_PRODUCT = YES;
			};
			name = Release;
		};
		48EE22632898DCDF0000C958 /* Debug */ = {
			isa = XCBuildConfiguration;
			buildSettings = {
				ASSETCATALOG_COMPILER_APPICON_NAME = AppIcon;
				ASSETCATALOG_COMPILER_GLOBAL_ACCENT_COLOR_NAME = AccentColor;
				CODE_SIGN_STYLE = Automatic;
				CURRENT_PROJECT_VERSION = 1;
				GENERATE_INFOPLIST_FILE = YES;
				INFOPLIST_FILE = SuperProfiling/Info.plist;
				INFOPLIST_KEY_UIApplicationSupportsIndirectInputEvents = YES;
				INFOPLIST_KEY_UILaunchStoryboardName = LaunchScreen;
				INFOPLIST_KEY_UIMainStoryboardFile = Main;
				INFOPLIST_KEY_UISupportedInterfaceOrientations_iPad = "UIInterfaceOrientationPortrait UIInterfaceOrientationPortraitUpsideDown UIInterfaceOrientationLandscapeLeft UIInterfaceOrientationLandscapeRight";
				INFOPLIST_KEY_UISupportedInterfaceOrientations_iPhone = "UIInterfaceOrientationPortrait UIInterfaceOrientationLandscapeLeft UIInterfaceOrientationLandscapeRight";
				LD_RUNPATH_SEARCH_PATHS = (
					"$(inherited)",
					"@executable_path/Frameworks",
				);
				MARKETING_VERSION = 1.0;
				PRODUCT_BUNDLE_IDENTIFIER = com.superman.SuperProfiling;
				PRODUCT_NAME = "$(TARGET_NAME)";
				SWIFT_EMIT_LOC_STRINGS = YES;
				SWIFT_VERSION = 5.0;
				TARGETED_DEVICE_FAMILY = "1,2";
			};
			name = Debug;
		};
		48EE22642898DCDF0000C958 /* Release */ = {
			isa = XCBuildConfiguration;
			buildSettings = {
				ASSETCATALOG_COMPILER_APPICON_NAME = AppIcon;
				ASSETCATALOG_COMPILER_GLOBAL_ACCENT_COLOR_NAME = AccentColor;
				CODE_SIGN_STYLE = Automatic;
				CURRENT_PROJECT_VERSION = 1;
				GENERATE_INFOPLIST_FILE = YES;
				INFOPLIST_FILE = SuperProfiling/Info.plist;
				INFOPLIST_KEY_UIApplicationSupportsIndirectInputEvents = YES;
				INFOPLIST_KEY_UILaunchStoryboardName = LaunchScreen;
				INFOPLIST_KEY_UIMainStoryboardFile = Main;
				INFOPLIST_KEY_UISupportedInterfaceOrientations_iPad = "UIInterfaceOrientationPortrait UIInterfaceOrientationPortraitUpsideDown UIInterfaceOrientationLandscapeLeft UIInterfaceOrientationLandscapeRight";
				INFOPLIST_KEY_UISupportedInterfaceOrientations_iPhone = "UIInterfaceOrientationPortrait UIInterfaceOrientationLandscapeLeft UIInterfaceOrientationLandscapeRight";
				LD_RUNPATH_SEARCH_PATHS = (
					"$(inherited)",
					"@executable_path/Frameworks",
				);
				MARKETING_VERSION = 1.0;
				PRODUCT_BUNDLE_IDENTIFIER = com.superman.SuperProfiling;
				PRODUCT_NAME = "$(TARGET_NAME)";
				SWIFT_EMIT_LOC_STRINGS = YES;
				SWIFT_VERSION = 5.0;
				TARGETED_DEVICE_FAMILY = "1,2";
			};
			name = Release;
		};
/* End XCBuildConfiguration section */

/* Begin XCConfigurationList section */
		48EE22492898DCDB0000C958 /* Build configuration list for PBXProject "SuperProfiling" */ = {
			isa = XCConfigurationList;
			buildConfigurations = (
				48EE22602898DCDF0000C958 /* Debug */,
				48EE22612898DCDF0000C958 /* Release */,
			);
			defaultConfigurationIsVisible = 0;
			defaultConfigurationName = Release;
		};
		48EE22622898DCDF0000C958 /* Build configuration list for PBXNativeTarget "SuperProfiling" */ = {
			isa = XCConfigurationList;
			buildConfigurations = (
				48EE22632898DCDF0000C958 /* Debug */,
				48EE22642898DCDF0000C958 /* Release */,
			);
			defaultConfigurationIsVisible = 0;
			defaultConfigurationName = Release;
		};
/* End XCConfigurationList section */

/* Begin XCRemoteSwiftPackageReference section */
		48EE22652898DF1D0000C958 /* XCRemoteSwiftPackageReference "ios-superplayer" */ = {
			isa = XCRemoteSwiftPackageReference;
			repositoryURL = "https://github.com/tokopedia/ios-superplayer";
			requirement = {
				branch = main;
				kind = branch;
			};
		};
		48EE226D2898FFA70000C958 /* XCRemoteSwiftPackageReference "SnapKit" */ = {
			isa = XCRemoteSwiftPackageReference;
			repositoryURL = "https://github.com/SnapKit/SnapKit.git";
			requirement = {
				branch = develop;
				kind = branch;
			};
		};
/* End XCRemoteSwiftPackageReference section */

/* Begin XCSwiftPackageProductDependency section */
		48EE22662898DF1D0000C958 /* SuperPlayer */ = {
			isa = XCSwiftPackageProductDependency;
			package = 48EE22652898DF1D0000C958 /* XCRemoteSwiftPackageReference "ios-superplayer" */;
			productName = SuperPlayer;
		};
		48EE226E2898FFA70000C958 /* SnapKit */ = {
			isa = XCSwiftPackageProductDependency;
			package = 48EE226D2898FFA70000C958 /* XCRemoteSwiftPackageReference "SnapKit" */;
			productName = SnapKit;
		};
/* End XCSwiftPackageProductDependency section */
	};
	rootObject = 48EE22462898DCDB0000C958 /* Project object */;
}
